
Microsoft Visual Studio Solution File, Format Version 12.00
# Visual Studio Version 17
VisualStudioVersion = 17.5.33627.172
MinimumVisualStudioVersion = 10.0.40219.1
Project("{FAE04EC0-301F-11D3-BF4B-00C04F79EFBC}") = "WeatherService_DynamicSun", "WeatherService_DynamicSun.csproj", "{17848F84-D94B-48E3-B907-34426883C35E}"
EndProject
Global
	GlobalSection(SolutionConfigurationPlatforms) = preSolution
		Debug|Any CPU = Debug|Any CPU
		Release|Any CPU = Release|Any CPU
	EndGlobalSection
	GlobalSection(ProjectConfigurationPlatforms) = postSolution
		{17848F84-D94B-48E3-B907-34426883C35E}.Debug|Any CPU.ActiveCfg = Debug|Any CPU
		{17848F84-D94B-48E3-B907-34426883C35E}.Debug|Any CPU.Build.0 = Debug|Any CPU
		{17848F84-D94B-48E3-B907-34426883C35E}.Release|Any CPU.ActiveCfg = Release|Any CPU
		{17848F84-D94B-48E3-B907-34426883C35E}.Release|Any CPU.Build.0 = Release|Any CPU
	EndGlobalSection
	GlobalSection(SolutionProperties) = preSolution
		HideSolutionNode = FALSE
	EndGlobalSection
	GlobalSection(ExtensibilityGlobals) = postSolution
		SolutionGuid = {EDD7F6E5-772A-4C0F-8B7A-4CA7C26CA410}
	EndGlobalSection
EndGlobal
